# This file is autogenerated, do not edit; changes may be undone by the next 'dep ensure'.


[[projects]]
  digest = "0:"
  name = "github.com/DataDog/zstd"
  packages = ["."]
  pruneopts = "UT"
  revision = "809b919c325d7887bff7bd876162af73db53e878"
  version = "v1.4.0"

[[projects]]
  branch = "master"
  digest = "1:99010387da8d15937ae7f6159c54fe4323a6c2c4690c4a7a6fc43c14bef9e324"
  name = "github.com/GeertJohan/go-sourcepath"
  packages = ["."]
  pruneopts = "UT"
  revision = "83e8b8723a9bf39481216e80575f4854c63ece4a"

[[projects]]
  digest = "1:55388fd080150b9a072912f97b1f5891eb0b50df43401f8b75fb4273d3fec9fc"
  name = "github.com/Masterminds/semver"
  packages = ["."]
  pruneopts = "UT"
  revision = "c7af12943936e8c39859482e61f0574c2fd7fc75"
  version = "v1.4.2"

[[projects]]
  digest = "0:"
  name = "github.com/PuerkitoBio/purell"
  packages = ["."]
  pruneopts = "UT"
  revision = "44968752391892e1b0d0b821ee79e9a85fa13049"
  version = "v1.1.1"

[[projects]]
  branch = "master"
  digest = "1:c739832d67eb1e9cc478a19cc1a1ccd78df0397bf8a32978b759152e205f644b"
  name = "github.com/PuerkitoBio/urlesc"
  packages = ["."]
  pruneopts = "UT"
  revision = "de5bf2ad457846296e2031421a34e2568e304e35"

[[projects]]
  digest = "0:"
  name = "github.com/Shopify/sarama"
  packages = ["."]
  pruneopts = "UT"
  revision = "ea9ab1c316850bee881a07bb2555ee8a685cd4b6"
  version = "v1.22.1"

[[projects]]
  digest = "1:e92f5581902c345eb4ceffdcd4a854fb8f73cf436d47d837d1ec98ef1fe0a214"
  name = "github.com/StackExchange/wmi"
  packages = ["."]
  pruneopts = "UT"
  revision = "5d049714c4a64225c3c79a7cf7d02f7fb5b96338"
  version = "1.0.0"

[[projects]]
  digest = "1:f033a81755b461d605dd88a4eaaf35542db9b425ee504ef44cef810ff2b0f9d2"
  name = "github.com/Unknwon/com"
  packages = ["."]
  pruneopts = "UT"
  revision = "28b053d5a2923b87ce8c5a08f3af779894a72758"
  version = "v1"

[[projects]]
  digest = "0:"
  name = "github.com/apache/thrift"
  packages = ["lib/go/thrift"]
  pruneopts = "UT"
  revision = "384647d290e2e4a55a14b1b7ef1b7e66293a2c33"
  version = "v0.12.0"

[[projects]]
  branch = "master"
  digest = "1:1237f2e0fe3256bbce813cc1bafddaf26b85bddbd2f8c08c30eb845140198aee"
  name = "github.com/armon/consul-api"
  packages = ["."]
  pruneopts = "UT"
  revision = "eb2c6b5be1b66bab83016e0b05f01b8d5496ffbd"

[[projects]]
  branch = "master"
  digest = "0:"
  name = "github.com/armon/go-metrics"
  packages = ["."]
  pruneopts = "UT"
  revision = "ec5e00d3c878b2a97bbe0884ef45ffd1b4f669f5"

[[projects]]
  digest = "1:320e7ead93de9fd2b0e59b50fd92a4d50c1f8ab455d96bc2eb083267453a9709"
  name = "github.com/asaskevich/govalidator"
  packages = ["."]
  pruneopts = "UT"
  revision = "ccb8e960c48f04d6935e72476ae4a51028f9e22f"
  version = "v9"

[[projects]]
  branch = "master"
  digest = "1:2099049d052c80cc81243a4c5f691667161425d1cf6aa64b05d23f6bc640a0a3"
  name = "github.com/bmizerany/pat"
  packages = ["."]
  pruneopts = "UT"
  revision = "6226ea591a40176dd3ff9cd8eff81ed6ca721a00"

[[projects]]
  branch = "master"
  digest = "1:3c8a443f16dd3c3639c7650c19af5b1a0686402f1949dafd18352d15239d9b05"
  name = "github.com/bugsnag/osext"
  packages = ["."]
  pruneopts = "UT"
  revision = "0dd3f918b21bec95ace9dc86c7e70266cfc5c702"

[[projects]]
  digest = "0:"
  name = "github.com/cheekybits/genny"
  packages = ["generic"]
  pruneopts = "UT"
  revision = "d2cf3cdd35ce0d789056c4bc02a4d6349c947caf"
  version = "v1.0.0"

[[projects]]
  digest = "0:"
  name = "github.com/coreos/etcd"
  packages = [
    "client",
    "pkg/pathutil",
    "pkg/srv",
    "pkg/types",
    "version",
  ]
  pruneopts = "UT"
  revision = "98d308426819d892e149fe45f6fd542464cb1f9d"
  version = "v3.3.13"

[[projects]]
  digest = "0:"
  name = "github.com/coreos/go-semver"
  packages = ["semver"]
  pruneopts = "UT"
  revision = "e214231b295a8ea9479f11b70b35d5acf3556d9b"
  version = "v0.3.0"

[[projects]]
  digest = "1:ffe9824d294da03b391f44e1ae8281281b4afc1bdaa9588c9097785e3af10cec"
  name = "github.com/davecgh/go-spew"
  packages = ["spew"]
  pruneopts = "UT"
  revision = "8991bc29aa16c548c550c7ff78260e27b9ab7c73"
  version = "v1.1.1"

[[projects]]
  digest = "1:76dc72490af7174349349838f2fe118996381b31ea83243812a97e5a0fd5ed55"
  name = "github.com/dgrijalva/jwt-go"
  packages = ["."]
  pruneopts = "UT"
  revision = "06ea1031745cb8b3dab3f6a236daf2b0aa468b7e"
  version = "v3.2.0"

[[projects]]
  digest = "0:"
  name = "github.com/docker/go-units"
  packages = ["."]
  pruneopts = "UT"
  revision = "519db1ee28dcc9fd2474ae59fca29a810482bfb1"
  version = "v0.4.0"

[[projects]]
  digest = "0:"
  name = "github.com/eapache/go-resiliency"
  packages = ["breaker"]
  pruneopts = "UT"
  revision = "5efd2ed019fd331ec2defc6f3bd98882f1e3e636"
  version = "v1.2.0"

[[projects]]
  branch = "master"
  digest = "1:79f16588b5576b1b3cd90e48d2374cc9a1a8776862d28d8fd0f23b0e15534967"
  name = "github.com/eapache/go-xerial-snappy"
  packages = ["."]
  pruneopts = "UT"
  revision = "776d5712da21bc4762676d614db1d8a64f4238b0"

[[projects]]
  digest = "1:444b82bfe35c83bbcaf84e310fb81a1f9ece03edfed586483c869e2c046aef69"
  name = "github.com/eapache/queue"
  packages = ["."]
  pruneopts = "UT"
  revision = "44cc805cf13205b55f69e14bcb69867d1ae92f98"
  version = "v1.1.0"

[[projects]]
  digest = "1:f4f6279cb37479954644babd8f8ef00584ff9fa63555d2c6718c1c3517170202"
  name = "github.com/elazarl/go-bindata-assetfs"
  packages = ["."]
  pruneopts = "UT"
  revision = "30f82fa23fd844bd5bb1e5f216db87fd77b5eb43"
  version = "v1.0.0"

[[projects]]
  branch = "master"
  digest = "1:9a023ac8c30a6871d3fc94c9c0b5a0639ede096c351fd6cdcd7268fe9cb95af2"
  name = "github.com/facebookgo/stack"
  packages = ["."]
  pruneopts = "UT"
  revision = "751773369052141c013c6e827a71e8f35c07879c"

[[projects]]
  digest = "1:865079840386857c809b72ce300be7580cb50d3d3129ce11bf9aa6ca2bc1934a"
  name = "github.com/fatih/color"
  packages = ["."]
  pruneopts = "UT"
  revision = "5b77d2a35fb0ede96d138fc9a99f5c9b6aef11b4"
  version = "v1.7.0"

[[projects]]
  digest = "1:af43bdaaf86655a2343f113e9b293bbc16b12099eaeb223982bbe4d4c22ba14d"
  name = "github.com/fatih/structs"
  packages = ["."]
  pruneopts = "UT"
  revision = "4966fc68f5b7593aafa6cbbba2d65ec6e1416047"
  version = "v1.1.0"

[[projects]]
  digest = "1:abeb38ade3f32a92943e5be54f55ed6d6e3b6602761d74b4aab4c9dd45c18abd"
  name = "github.com/fsnotify/fsnotify"
  packages = ["."]
  pruneopts = "UT"
  revision = "c2828203cd70a50dcccfb2761f8b1f8ceef9a8e9"
  version = "v1.4.7"

[[projects]]
  branch = "master"
  digest = "1:7fb51688eadf38272411852d7a2b3538c7caff53309abee6c0964a83c00fe69e"
  name = "github.com/globalsign/mgo"
  packages = [
    "bson",
    "internal/json",
  ]
  pruneopts = "UT"
  revision = "eeefdecb41b842af6dc652aaea4026e8403e62df"

[[projects]]
  digest = "0:"
  name = "github.com/go-logfmt/logfmt"
  packages = ["."]
  pruneopts = "UT"
  revision = "07c9b44f60d7ffdfb7d8efe1ad539965737836dc"
  version = "v0.4.0"

[[projects]]
  digest = "0:"
  name = "github.com/go-ole/go-ole"
  packages = [
    ".",
    "oleutil",
  ]
  pruneopts = "UT"
  revision = "97b6244175ae18ea6eef668034fd6565847501c9"
  version = "v1.2.4"

[[projects]]
  digest = "0:"
  name = "github.com/go-openapi/analysis"
  packages = [
    ".",
    "internal",
  ]
  pruneopts = "UT"
  revision = "f30ad6ca23c1cc8d66d1e05267fcd0a6989887e9"
  version = "v0.19.3"

[[projects]]
  digest = "0:"
  name = "github.com/go-openapi/errors"
  packages = ["."]
  pruneopts = "UT"
  revision = "0b2a0a1f89aa2eec2d13e03cd80ab0fdaf01f8ce"
  version = "v0.19.2"

[[projects]]
  digest = "0:"
  name = "github.com/go-openapi/jsonpointer"
  packages = ["."]
  pruneopts = "UT"
  revision = "a105a905c5e6ad147f08504784917f3e178e0ba5"
  version = "v0.19.2"

[[projects]]
  digest = "0:"
  name = "github.com/go-openapi/jsonreference"
  packages = ["."]
  pruneopts = "UT"
  revision = "2903bfd4bfbaf188694f1edf731f2725a8fa344f"
  version = "v0.19.2"

[[projects]]
  digest = "1:a20e8bf0e58e2010677432ffbe5533c1e83bdf368ba5b057f3e00e2071ca8b09"
  name = "github.com/go-openapi/loads"
  packages = ["."]
  pruneopts = "UT"
  revision = "150d36912387ec2f607be674c5be309ddccc0eed"
  version = "v0.17.2"

[[projects]]
  digest = "0:"
  name = "github.com/go-openapi/runtime"
  packages = [
    ".",
    "flagext",
    "logger",
    "middleware",
    "middleware/denco",
    "middleware/header",
    "middleware/untyped",
    "security",
  ]
  pruneopts = "UT"
  revision = "109737172424d8a656fd1199e28c9f5cc89b0cca"
  version = "v0.19.0"

[[projects]]
  digest = "0:"
  name = "github.com/go-openapi/spec"
  packages = ["."]
  pruneopts = "UT"
  revision = "bdfd7e07daecc404d77868a88b2364d0aed0ee5a"
  version = "v0.19.2"

[[projects]]
  digest = "0:"
  name = "github.com/go-openapi/strfmt"
  packages = ["."]
  pruneopts = "UT"
  revision = "29177d4b5db488583bb97ebc05d3842ebeda91a8"
  version = "v0.19.0"

[[projects]]
  digest = "0:"
  name = "github.com/go-openapi/swag"
  packages = ["."]
  pruneopts = "UT"
  revision = "beaa04455d9d7fadea558e98e60293fd528a89c0"
  version = "v0.19.3"

[[projects]]
  digest = "0:"
  name = "github.com/go-openapi/validate"
  packages = ["."]
  pruneopts = "UT"
  revision = "6405b9095e4c96aabb45856da08a9323d50d9336"
  version = "v0.19.2"

[[projects]]
  digest = "0:"
  name = "github.com/gogo/protobuf"
  packages = [
    "gogoproto",
    "jsonpb",
    "proto",
    "protoc-gen-gogo/descriptor",
    "sortkeys",
    "types",
  ]
  pruneopts = "UT"
  revision = "ba06b47c162d49f2af050fb4c75bcbc86a159d5c"
  version = "v1.2.1"

[[projects]]
  branch = "master"
  digest = "0:"
  name = "github.com/golang/protobuf"
  packages = [
    "jsonpb",
    "proto",
    "protoc-gen-go/descriptor",
    "protoc-gen-go/generator",
    "protoc-gen-go/generator/internal/remap",
    "protoc-gen-go/plugin",
    "ptypes",
    "ptypes/any",
    "ptypes/duration",
    "ptypes/struct",
    "ptypes/timestamp",
    "ptypes/wrappers",
  ]
  pruneopts = "UT"
  revision = "b285ee9cfc6c881bb20c0d8dc73370ea9b9ec90f"

[[projects]]
  branch = "master"
  digest = "0:"
  name = "github.com/golang/snappy"
  packages = ["."]
  pruneopts = "UT"
  revision = "2a8bb927dd31d8daada140a5d09578521ce5c36a"

[[projects]]
  digest = "0:"
  name = "github.com/grpc-ecosystem/go-grpc-middleware"
  packages = [
    ".",
    "logging",
    "logging/logrus",
    "logging/logrus/ctxlogrus",
    "recovery",
    "retry",
    "tags",
    "tags/logrus",
    "util/backoffutils",
    "util/metautils",
  ]
  pruneopts = "UT"
  revision = "c250d6563d4d4c20252cd865923440e829844f4e"
  version = "v1.0.0"

[[projects]]
  digest = "0:"
  name = "github.com/grpc-ecosystem/grpc-gateway"
  packages = [
    "internal",
    "runtime",
    "utilities",
  ]
  pruneopts = "UT"
  revision = "d54b3615f714b03edde6d9206fa0476a9169c966"
  version = "v1.9.3"

[[projects]]
  digest = "0:"
  name = "github.com/hashicorp/consul"
  packages = ["api"]
  pruneopts = "UT"
  revision = "a82e6a7fd33a0d05b9b871bcaf1d7595c9b8dedc"
  version = "v1.5.2"

[[projects]]
  digest = "0:"
  name = "github.com/hashicorp/go-cleanhttp"
  packages = ["."]
  pruneopts = "UT"
  revision = "eda1e5db218aad1db63ca4642c8906b26bcf2744"
  version = "v0.5.1"

[[projects]]
  digest = "0:"
  name = "github.com/hashicorp/go-immutable-radix"
  packages = ["."]
  pruneopts = "UT"
  revision = "7dd1121b595e4e1bd6dd5caa78e0f5c454740379"
  version = "v1.1.0"

[[projects]]
  digest = "0:"
  name = "github.com/hashicorp/go-rootcerts"
  packages = ["."]
  pruneopts = "UT"
  revision = "df8e78a645e18d56ed7bb9ae10ffb8174ab892e2"
  version = "v1.0.1"

[[projects]]
  digest = "0:"
  name = "github.com/hashicorp/golang-lru"
  packages = ["simplelru"]
  pruneopts = "UT"
  revision = "7087cb70de9f7a8bc0a10c375cb0d2280a8edf9c"
  version = "v0.5.1"

[[projects]]
  digest = "1:c0d19ab64b32ce9fe5cf4ddceba78d5bc9807f0016db6b1183599da3dcc24d10"
  name = "github.com/hashicorp/hcl"
  packages = [
    ".",
    "hcl/ast",
    "hcl/parser",
    "hcl/printer",
    "hcl/scanner",
    "hcl/strconv",
    "hcl/token",
    "json/parser",
    "json/scanner",
    "json/token",
  ]
  pruneopts = "UT"
  revision = "8cb6e5b959231cc1119e43259c4a608f9c51a241"
  version = "v1.0.0"

[[projects]]
  digest = "0:"
  name = "github.com/hashicorp/serf"
  packages = ["coordinate"]
  pruneopts = "UT"
  revision = "15cfd05de3dffb3664aa37b06e91f970b825e380"
  version = "v0.8.3"

[[projects]]
  digest = "1:870d441fe217b8e689d7949fef6e43efbc787e50f200cb1e70dbca9204a1d6be"
  name = "github.com/inconshreveable/mousetrap"
  packages = ["."]
  pruneopts = "UT"
  revision = "76626ae9c91c4f2a10f34cad8ce83ea42c93bb75"
  version = "v1.0"

[[projects]]
  digest = "1:aa855bda8630186a6a2f33ac0142fd8c1644622af2e164bc3d8bbb69978b6467"
  name = "github.com/jeffail/tunny"
  packages = ["."]
  pruneopts = "UT"
  revision = "4921fff29480bad359ad2fb3271fb461c8ffe1fc"
  version = "0.1.2"

[[projects]]
  digest = "1:a2cff208d4759f6ba1b1cd228587b0a1869f95f22542ec9cd17fff64430113c7"
  name = "github.com/jessevdk/go-flags"
  packages = ["."]
  pruneopts = "UT"
  revision = "c6ca198ec95c841fdb89fc0de7496fed11ab854e"
  version = "v1.4.0"

[[projects]]
  branch = "master"
  digest = "0:"
  name = "github.com/jinzhu/copier"
  packages = ["."]
  pruneopts = "UT"
  revision = "976e0346caa839d22a17f8031a96bcd0870c0128"

[[projects]]
  digest = "0:"
  name = "github.com/json-iterator/go"
  packages = ["."]
  pruneopts = "UT"
  revision = "0ff49de124c6f76f8494e194af75bde0f1a49a29"
  version = "v1.1.6"

[[projects]]
  digest = "0:"
  name = "github.com/k0kubun/pp"
  packages = ["."]
  pruneopts = "UT"
  revision = "b13c7f285d1c1e9b577c072aea899a548dc1b718"
  version = "v2.4.0"

[[projects]]
  digest = "0:"
  name = "github.com/konsorten/go-windows-terminal-sequences"
  packages = ["."]
  pruneopts = "UT"
  revision = "f55edac94c9bbba5d6182a4be46d86a2c9b5b50e"
  version = "v1.0.2"

[[projects]]
  branch = "master"
  digest = "1:a64e323dc06b73892e5bb5d040ced475c4645d456038333883f58934abbf6f72"
  name = "github.com/kr/logfmt"
  packages = ["."]
  pruneopts = "UT"
  revision = "b84e30acd515aadc4b783ad4ff83aff3299bdfe0"

[[projects]]
  digest = "0:"
  name = "github.com/labstack/echo"
  packages = [
    ".",
    "middleware",
  ]
  pruneopts = "UT"
  revision = "38772c686c76b501f94bd6cd5b77f5842e93b559"
  version = "v3.3.10"

[[projects]]
  digest = "0:"
  name = "github.com/labstack/gommon"
  packages = [
    "bytes",
    "color",
    "log",
    "random",
  ]
  pruneopts = "UT"
  revision = "ab0bfd9a5eba33a8c364bf3390d809ed23c31f97"
  version = "v0.2.9"

[[projects]]
  digest = "0:"
  name = "github.com/magiconair/properties"
  packages = ["."]
  pruneopts = "UT"
  revision = "de8848e004dd33dc07a2947b3d76f618a7fc7ef1"
  version = "v1.8.1"

[[projects]]
  branch = "master"
  digest = "0:"
  name = "github.com/mailru/easyjson"
  packages = [
    ".",
    "buffer",
    "jlexer",
    "jwriter",
  ]
  pruneopts = "UT"
  revision = "b2ccc519800e761ac8000b95e5d57c80a897ff9e"

[[projects]]
  digest = "1:c658e84ad3916da105a761660dcaeb01e63416c8ec7bc62256a9b411a05fcd67"
  name = "github.com/mattn/go-colorable"
  packages = ["."]
  pruneopts = "UT"
  revision = "167de6bfdfba052fa6b2d3664c8f5272e23c9072"
  version = "v0.0.9"

[[projects]]
  digest = "0:"
  name = "github.com/mattn/go-isatty"
  packages = ["."]
  pruneopts = "UT"
  revision = "1311e847b0cb909da63b5fecfb5370aa66236465"
  version = "v0.0.8"

[[projects]]
  branch = "master"
  digest = "0:"
  name = "github.com/mitchellh/go-homedir"
  packages = ["."]
  pruneopts = "UT"
  revision = "af06845cf3004701891bf4fdb884bfe4920b3727"

[[projects]]
  digest = "1:53bc4cd4914cd7cd52139990d5170d6dc99067ae31c56530621b18b35fc30318"
  name = "github.com/mitchellh/mapstructure"
  packages = ["."]
  pruneopts = "UT"
  revision = "3536a929edddb9a5b34bd6861dc4a9647cb459fe"
  version = "v1.1.2"

[[projects]]
  digest = "1:33422d238f147d247752996a26574ac48dcf472976eda7f5134015f06bf16563"
  name = "github.com/modern-go/concurrent"
  packages = ["."]
  pruneopts = "UT"
  revision = "bacd9c7ef1dd9b15be4a9909b8ac7a4e313eec94"
  version = "1.0.3"

[[projects]]
  digest = "1:e32bdbdb7c377a07a9a46378290059822efdce5c8d96fe71940d87cb4f918855"
  name = "github.com/modern-go/reflect2"
  packages = ["."]
  pruneopts = "UT"
  revision = "4b7aa43c6742a2c18fdef89dd197aaae7dac7ccd"
  version = "1.0.1"

[[projects]]
  branch = "master"
  digest = "1:b9e729f134ba1fbe1b2f18e948d035e0567d6282ccebe9a3623a0240bb47c089"
  name = "github.com/nicolai86/instruments"
  packages = ["."]
  pruneopts = "UT"
  revision = "a667d8f6e278892ccc3bc78f7fc6a6364fd68124"

[[projects]]
  branch = "master"
  digest = "1:2da0e5077ed40453dc281b9a2428d84cf6ad14063aed189f6296ca5dd25cf13d"
  name = "github.com/opentracing-contrib/go-observer"
  packages = ["."]
  pruneopts = "UT"
  revision = "a52f2342449246d5bcc273e65cbdcfa5f7d6c63c"

[[projects]]
  branch = "master"
  digest = "1:af5789c490de873c1edfc2327c00560c8caf4d191ba16b84b9faa6d73e854bbe"
  name = "github.com/opentracing-contrib/perfevents"
  packages = ["go"]
  pruneopts = "UT"
  revision = "a7a7e747782c021caa5c44ef98157f761bf56970"

[[projects]]
  digest = "0:"
  name = "github.com/opentracing/opentracing-go"
  packages = [
    ".",
    "ext",
    "log",
  ]
  pruneopts = "UT"
  revision = "659c90643e714681897ec2521c60567dd21da733"
  version = "v1.1.0"

[[projects]]
  digest = "0:"
  name = "github.com/openzipkin-contrib/zipkin-go-opentracing"
  packages = [
    "flag",
    "thrift/gen-go/scribe",
    "thrift/gen-go/zipkincore",
    "types",
    "wire",
  ]
  pruneopts = "UT"
  revision = "f0f479ad013a498e4cbfb369414e5d3880903779"
  version = "v0.3.5"

[[projects]]
  digest = "0:"
  name = "github.com/openzipkin/zipkin-go-opentracing"
  packages = [
    ".",
    "thrift/gen-go/zipkincore",
  ]
  pruneopts = "UT"
  revision = "f0f479ad013a498e4cbfb369414e5d3880903779"
  version = "v0.3.5"

[[projects]]
  digest = "0:"
  name = "github.com/pelletier/go-toml"
  packages = ["."]
  pruneopts = "UT"
  revision = "728039f679cbcd4f6a54e080d2219a4c4928c546"
  version = "v1.4.0"

[[projects]]
  digest = "0:"
  name = "github.com/pierrec/lz4"
  packages = [
    ".",
    "internal/xxh32",
  ]
  pruneopts = "UT"
  revision = "057d66e894a4e55853274a3bbbf7de02ba639e43"
  version = "v2.2.4"

[[projects]]
  digest = "0:"
  name = "github.com/pkg/errors"
  packages = ["."]
  pruneopts = "UT"
  revision = "ba968bfe8b2f7e042a574c888954fccecfa385b4"
  version = "v0.8.1"

[[projects]]
  digest = "0:"
  name = "github.com/pkg/profile"
  packages = ["."]
  pruneopts = "UT"
  revision = "f6fe06335df110bcf1ed6d4e852b760bfc15beee"
  version = "v1.3.0"

[[projects]]
  digest = "1:0028cb19b2e4c3112225cd871870f2d9cf49b9b4276531f03438a88e94be86fe"
  name = "github.com/pmezard/go-difflib"
  packages = ["difflib"]
  pruneopts = "UT"
  revision = "792786c7400a136282c1664665ae0a8db921c6c2"
  version = "v1.0.0"

[[projects]]
  branch = "master"
  digest = "0:"
  name = "github.com/rai-project/config"
  packages = ["."]
  pruneopts = "UT"
  revision = "2658bcafbb672a298ede028b76ec09bba9c63fe9"

[[projects]]
  digest = "1:bd5b97e12b40c9eddaac4cb7e1e731aaee19c324887f310afff0140fb70f71be"
  name = "github.com/rai-project/dlframework"
  packages = [
    ".",
    "http",
    "httpapi/models",
    "httpapi/restapi",
    "httpapi/restapi/operations",
    "httpapi/restapi/operations/predict",
    "httpapi/restapi/operations/registry",
    "registryquery",
  ]
  pruneopts = "UT"
  revision = "e4ddc9cfae4213267e8b9382846129d7cc30be25"
  version = "v0.2.18"

[[projects]]
  branch = "master"
  digest = "1:a383a84fe2340179689d6978fd13aa5fc0f35f572a1780f48643353a7f32ea7d"
  name = "github.com/rai-project/godotenv"
  packages = ["."]
  pruneopts = "UT"
  revision = "72ca456a35f42d911b5a3f25ef9ea42636a22b3b"

[[projects]]
  branch = "master"
  digest = "0:"
  name = "github.com/rai-project/grpc"
  packages = ["."]
  pruneopts = "UT"
  revision = "0d8c7fc9c704bf72409ee53e57f36bdd0e252e42"

[[projects]]
  branch = "master"
  digest = "0:"
  name = "github.com/rai-project/libkv"
  packages = [
    ".",
    "store",
    "store/consul",
    "store/mock",
  ]
  pruneopts = "UT"
  revision = "49a14e78d856d5794ed87fdd082dc81f4186e943"

[[projects]]
  branch = "master"
  digest = "0:"
  name = "github.com/rai-project/logger"
  packages = ["."]
  pruneopts = "UT"
  revision = "d342af07f4531893979c6b161583b5536cd438a6"

[[projects]]
  branch = "master"
  digest = "0:"
  name = "github.com/rai-project/machine"
  packages = ["os"]
  pruneopts = "UT"
  revision = "16d40a8bc810dd4bda476f87f15607effddedb84"

[[projects]]
  branch = "master"
  digest = "0:"
  name = "github.com/rai-project/nvidia-smi"
  packages = ["."]
  pruneopts = "UT"
  revision = "5f6bbd4268777e33ec51313e4b6c0b89de084cbf"

[[projects]]
  branch = "master"
  digest = "0:"
  name = "github.com/rai-project/nvml-go"
  packages = ["."]
  pruneopts = "UT"
  revision = "4e1189bcc320475bfec1306c719b78939c31a00d"

[[projects]]
  branch = "master"
  digest = "0:"
  name = "github.com/rai-project/registry"
  packages = ["."]
  pruneopts = "UT"
  revision = "d9d6f6432959da96c3be00097201e9142e4c5f8a"

[[projects]]
  branch = "master"
  digest = "0:"
  name = "github.com/rai-project/serializer"
  packages = [
    ".",
    "bson",
    "json",
    "jsonpb",
  ]
  pruneopts = "UT"
  revision = "6a71bde4dab7509678eadec05f990bc037de3238"

[[projects]]
  branch = "master"
  digest = "0:"
  name = "github.com/rai-project/store"
  packages = ["tus/localstore"]
  pruneopts = "UT"
  revision = "747f32bab24cc9146a8a0ddb22a1971e38f6baca"

[[projects]]
  branch = "master"
  digest = "0:"
  name = "github.com/rai-project/tegra"
  packages = ["."]
  pruneopts = "UT"
  revision = "1d9901ca382bfae82f47b1ddb5fb67a019d254e8"

[[projects]]
  branch = "master"
  digest = "0:"
  name = "github.com/rai-project/tracer"
  packages = [
    ".",
    "defaults",
    "jaeger",
    "middleware",
    "middleware/grpc",
    "noop",
    "observer",
    "utils",
    "zipkin",
  ]
  pruneopts = "UT"
  revision = "74cf1022e702b8060d2af4459de9a9d9fd0adf1c"

[[projects]]
  branch = "master"
  digest = "0:"
  name = "github.com/rai-project/utils"
  packages = ["."]
  pruneopts = "UT"
  revision = "addd4cf1893f82eadf3982b92dec25f87d0453e2"

[[projects]]
  branch = "master"
  digest = "0:"
  name = "github.com/rai-project/uuid"
  packages = ["."]
  pruneopts = "UT"
  revision = "2a4c8b922cc6a17bd16f236d4bb06134972289f2"

[[projects]]
  branch = "master"
  digest = "0:"
  name = "github.com/rai-project/vipertags"
  packages = ["."]
  pruneopts = "UT"
  revision = "d63b0a674aa95058902e234d2e9e5d1a13aa46a3"

[[projects]]
  branch = "master"
  digest = "1:97554d01ca284009d889d592fc9693b5eb08f5570b92ac4f2458c003672fc03b"
  name = "github.com/rai-project/web"
  packages = [
    "jaegerui",
    "jaegerui/static",
    "logger",
    "swaggerui",
  ]
  pruneopts = "UT"
  revision = "97ba6d7fd665f3b5e44934897e444a1b3c0150a4"

[[projects]]
  branch = "master"
  digest = "1:d38f81081a389f1466ec98192cf9115a82158854d6f01e1c23e2e7554b97db71"
  name = "github.com/rcrowley/go-metrics"
  packages = ["."]
  pruneopts = "UT"
  revision = "3113b8401b8a98917cde58f8bbd42a1b1c03b1fd"

[[projects]]
  digest = "0:"
  name = "github.com/shirou/gopsutil"
  packages = [
    "internal/common",
    "mem",
  ]
  pruneopts = "UT"
  revision = "4c8b404ee5c53b04b04f34b1744a26bf5d2910de"
  version = "v2.19.6"

[[projects]]
  digest = "0:"
  name = "github.com/sirupsen/logrus"
  packages = ["."]
  pruneopts = "UT"
  revision = "839c75faf7f98a33d445d181f3018b5c3409a45e"
  version = "v1.4.2"

[[projects]]
  digest = "0:"
  name = "github.com/spf13/afero"
  packages = [
    ".",
    "mem",
  ]
  pruneopts = "UT"
  revision = "588a75ec4f32903aa5e39a2619ba6a4631e28424"
  version = "v1.2.2"

[[projects]]
  digest = "1:08d65904057412fc0270fc4812a1c90c594186819243160dc779a402d4b6d0bc"
  name = "github.com/spf13/cast"
  packages = ["."]
  pruneopts = "UT"
  revision = "8c9545af88b134710ab1cd196795e7f2388358d7"
  version = "v1.3.0"

[[projects]]
  digest = "0:"
  name = "github.com/spf13/cobra"
  packages = ["."]
  pruneopts = "UT"
  revision = "f2b07da1e2c38d5f12845a4f607e2e1018cbb1f5"
  version = "v0.0.5"

[[projects]]
  digest = "0:"
  name = "github.com/spf13/jwalterweatherman"
  packages = ["."]
  pruneopts = "UT"
  revision = "94f6ae3ed3bceceafa716478c5fbf8d29ca601a1"
  version = "v1.1.0"

[[projects]]
  digest = "1:c1b1102241e7f645bc8e0c22ae352e8f0dc6484b6cb4d132fa9f24174e0119e2"
  name = "github.com/spf13/pflag"
  packages = ["."]
  pruneopts = "UT"
  revision = "298182f68c66c05229eb03ac171abe6e309ee79a"
  version = "v1.0.3"

[[projects]]
  branch = "master"
  digest = "0:"
  name = "github.com/spf13/viper"
  packages = [
    ".",
    "remote",
  ]
  pruneopts = "UT"
  revision = "3349bd9cc2887f06cc4efdc88894e7c3c0e6d872"

[[projects]]
  digest = "1:ac83cf90d08b63ad5f7e020ef480d319ae890c208f8524622a2f3136e2686b02"
  name = "github.com/stretchr/objx"
  packages = ["."]
  pruneopts = "UT"
  revision = "477a77ecc69700c7cdeb1fa9e129548e1c1c393c"
  version = "v0.1.1"

[[projects]]
  digest = "0:"
  name = "github.com/stretchr/testify"
  packages = [
    "assert",
    "mock",
  ]
  pruneopts = "UT"
  revision = "ffdc059bfe9ce6a4e144ba849dbedead332c6053"
  version = "v1.3.0"

[[projects]]
  digest = "0:"
  name = "github.com/subosito/gotenv"
  packages = ["."]
  pruneopts = "UT"
  revision = "69b5b6104433beb2cb9c3ce00bdadf3c7c2d3f34"
  version = "v1.1.1"

[[projects]]
  digest = "1:dbad55eed61fb5fa496bc4a73fdca40ed4ac3b06953709b83ebf40130b4dd947"
  name = "github.com/tus/tusd"
  packages = [
    ".",
    "memorylocker",
    "uid",
  ]
  pruneopts = "UT"
  revision = "966f1d51639d3405b630e4c94c0b1d76a0f7475c"
  version = "0.10.0"

[[projects]]
  digest = "1:43b8a34f6390d8fbdcfd300ed52103064e9eaaecc7e50b7e3518fe246ebe8403"
  name = "github.com/tylerb/graceful"
  packages = ["."]
  pruneopts = "UT"
  revision = "4654dfbb6ad53cb5e27f37d99b02e16c1872fbbb"
  version = "v1.2.15"

[[projects]]
  digest = "0:"
  name = "github.com/uber/jaeger-client-go"
  packages = [
    ".",
    "internal/baggage",
    "internal/spanlog",
    "internal/throttler",
    "log",
    "thrift",
    "thrift-gen/agent",
    "thrift-gen/jaeger",
    "thrift-gen/sampling",
    "thrift-gen/zipkincore",
    "transport/zipkin",
    "utils",
    "zipkin",
  ]
  pruneopts = "UT"
  revision = "2f47546e3facd43297739439600bcf43f44cce5d"
  version = "v2.16.0"

[[projects]]
  digest = "0:"
  name = "github.com/uber/jaeger-lib"
  packages = ["metrics"]
  pruneopts = "UT"
  revision = "0e30338a695636fe5bcf7301e8030ce8dd2a8530"
  version = "v2.0.0"

[[projects]]
  digest = "1:c468422f334a6b46a19448ad59aaffdfc0a36b08fdcc1c749a0b29b6453d7e59"
  name = "github.com/valyala/bytebufferpool"
  packages = ["."]
  pruneopts = "UT"
  revision = "e746df99fe4a3986f4d4f79e13c1e0117ce9c2f7"
  version = "v1.0.0"

[[projects]]
  digest = "0:"
  name = "github.com/valyala/fasttemplate"
  packages = ["."]
  pruneopts = "UT"
  revision = "8b5e4e491ab636663841c42ea3c5a9adebabaf36"
  version = "v1.0.1"

[[projects]]
  branch = "master"
  digest = "1:b2faf2256a00b05784390fbd8ea4b22519ea62daf751fef4ab4ce583c66abf1b"
  name = "github.com/xordataexchange/crypt"
  packages = [
    "backend",
    "backend/consul",
    "backend/etcd",
    "config",
    "encoding/secconf",
  ]
  pruneopts = "UT"
  revision = "b2862e3d0a775f18c7cfe02273500ae307b61218"

[[projects]]
  branch = "master"
  digest = "0:"
  name = "golang.org/x/crypto"
  packages = [
    "acme",
    "acme/autocert",
    "cast5",
    "openpgp",
    "openpgp/armor",
    "openpgp/elgamal",
    "openpgp/errors",
    "openpgp/packet",
    "openpgp/s2k",
  ]
  pruneopts = "UT"
  revision = "4def268fd1a49955bfb3dda92fe3db4f924f2285"

[[projects]]
  branch = "master"
  digest = "0:"
  name = "golang.org/x/net"
  packages = [
    "context",
    "http/httpguts",
    "http2",
    "http2/hpack",
    "idna",
    "internal/socks",
    "internal/timeseries",
    "proxy",
    "trace",
    "webdav",
    "webdav/internal/xml",
  ]
  pruneopts = "UT"
  revision = "da137c7871d730100384dbcf36e6f8fa493aef5b"

[[projects]]
  branch = "master"
  digest = "0:"
  name = "golang.org/x/sync"
  packages = ["syncmap"]
  pruneopts = "UT"
  revision = "112230192c580c3556b8cee6403af37a4fc5f28c"

[[projects]]
  branch = "master"
  digest = "0:"
  name = "golang.org/x/sys"
  packages = [
    "unix",
    "windows",
  ]
  pruneopts = "UT"
  revision = "04f50cda93cbb67f2afa353c52f342100e80e625"

[[projects]]
  digest = "0:"
  name = "golang.org/x/text"
  packages = [
    "collate",
    "collate/build",
    "internal/colltab",
    "internal/gen",
    "internal/language",
    "internal/language/compact",
    "internal/tag",
    "internal/triegen",
    "internal/ucd",
    "language",
    "secure/bidirule",
    "transform",
    "unicode/bidi",
    "unicode/cldr",
    "unicode/norm",
    "unicode/rangetable",
    "width",
  ]
  pruneopts = "UT"
  revision = "342b2e1fbaa52c93f31447ad2c6abc048c63e475"
  version = "v0.3.2"

[[projects]]
  branch = "master"
  digest = "0:"
  name = "google.golang.org/genproto"
  packages = [
    "googleapis/api/annotations",
    "googleapis/api/httpbody",
    "googleapis/rpc/status",
    "protobuf/field_mask",
  ]
  pruneopts = "UT"
  revision = "eb59cef1c072c61ea4f7623910448d5e9c6a4455"

[[projects]]
  digest = "0:"
  name = "google.golang.org/grpc"
  packages = [
    ".",
    "balancer",
    "balancer/base",
    "balancer/roundrobin",
    "binarylog/grpc_binarylog_v1",
    "codes",
    "connectivity",
    "credentials",
    "credentials/internal",
    "encoding",
    "encoding/proto",
    "grpclog",
    "internal",
    "internal/backoff",
    "internal/balancerload",
    "internal/binarylog",
    "internal/channelz",
    "internal/envconfig",
    "internal/grpcrand",
    "internal/grpcsync",
    "internal/syscall",
    "internal/transport",
    "keepalive",
    "metadata",
    "naming",
    "peer",
    "resolver",
    "resolver/dns",
    "resolver/passthrough",
    "stats",
    "status",
    "tap",
  ]
  pruneopts = "UT"
  revision = "501c41df7f472c740d0674ff27122f3f48c80ce7"
  version = "v1.21.1"

[[projects]]
  digest = "1:2581e492a9c44f250bac1fe32801e45aaa70de228fbec5de7ae857a3df01de80"
  name = "gopkg.in/Acconut/lockfile.v1"
  packages = ["."]
  pruneopts = "UT"
  revision = "ea910fd69bd541bb592c5729c94f595c696413ab"
  version = "v1.1.0"

[[projects]]
  branch = "v2"
  digest = "1:2642fd0b6900c77247d61d80cf2eb59a374ef4ffc2d25a1b95b87dc355b2894e"
  name = "gopkg.in/mgo.v2"
  packages = [
    "bson",
    "internal/json",
  ]
  pruneopts = "UT"
  revision = "9856a29383ce1c59f308dd1cf0363a79b5bef6b5"

[[projects]]
  digest = "0:"
  name = "gopkg.in/yaml.v2"
  packages = ["."]
  pruneopts = "UT"
  revision = "51d6538a90f86fe93ac480b35f37b2be17fef232"
  version = "v2.2.2"

[solve-meta]
  analyzer-name = "dep"
  analyzer-version = 1
  input-imports = [
    "github.com/Unknwon/com",
    "github.com/bugsnag/osext",
    "github.com/elazarl/go-bindata-assetfs",
    "github.com/fatih/color",
    "github.com/go-openapi/loads",
    "github.com/k0kubun/pp",
    "github.com/labstack/echo",
    "github.com/labstack/echo/middleware",
    "github.com/pkg/profile",
    "github.com/rai-project/config",
    "github.com/rai-project/dlframework/http",
    "github.com/rai-project/dlframework/httpapi/restapi",
    "github.com/rai-project/dlframework/httpapi/restapi/operations",
    "github.com/rai-project/libkv/store",
    "github.com/rai-project/logger",
    "github.com/rai-project/registry",
    "github.com/rai-project/store/tus/localstore",
    "github.com/rai-project/tracer",
    "github.com/rai-project/tracer/jaeger",
    "github.com/rai-project/tracer/middleware",
    "github.com/rai-project/tracer/noop",
    "github.com/rai-project/tracer/zipkin",
    "github.com/rai-project/uuid",
    "github.com/rai-project/web/jaegerui",
    "github.com/rai-project/web/logger",
    "github.com/rai-project/web/swaggerui",
    "github.com/sirupsen/logrus",
    "github.com/spf13/cobra",
    "github.com/spf13/viper",
    "github.com/tus/tusd",
    "github.com/tus/tusd/memorylocker",
  ]
  solver-name = "gps-cdcl"
  solver-version = 1
